
Microsoft Visual Studio Solution File, Format Version 12.00
# Visual Studio Version 16
VisualStudioVersion = 16.0.31702.278
MinimumVisualStudioVersion = 10.0.40219.1
Project("{FAE04EC0-301F-11D3-BF4B-00C04F79EFBC}") = "BookStoreGUI", "moLoginPage\BookStoreGUI.csproj", "{9BC46381-E13C-4FBF-9B01-9035140B1E81}"
EndProject
Project("{FAE04EC0-301F-11D3-BF4B-00C04F79EFBC}") = "BookStoreLIB", "UnitTestLoginPage\BookStoreLIB.csproj", "{0A83DE55-F915-4DE3-BC36-9A0C7FB1482B}"
EndProject
Global
	GlobalSection(SolutionConfigurationPlatforms) = preSolution
		Debug|Any CPU = Debug|Any CPU
		Release|Any CPU = Release|Any CPU
	EndGlobalSection
	GlobalSection(ProjectConfigurationPlatforms) = postSolution
		{9BC46381-E13C-4FBF-9B01-9035140B1E81}.Debug|Any CPU.ActiveCfg = Debug|Any CPU
		{9BC46381-E13C-4FBF-9B01-9035140B1E81}.Debug|Any CPU.Build.0 = Debug|Any CPU
		{9BC46381-E13C-4FBF-9B01-9035140B1E81}.Release|Any CPU.ActiveCfg = Release|Any CPU
		{9BC46381-E13C-4FBF-9B01-9035140B1E81}.Release|Any CPU.Build.0 = Release|Any CPU
		{0A83DE55-F915-4DE3-BC36-9A0C7FB1482B}.Debug|Any CPU.ActiveCfg = Debug|Any CPU
		{0A83DE55-F915-4DE3-BC36-9A0C7FB1482B}.Debug|Any CPU.Build.0 = Debug|Any CPU
		{0A83DE55-F915-4DE3-BC36-9A0C7FB1482B}.Release|Any CPU.ActiveCfg = Release|Any CPU
		{0A83DE55-F915-4DE3-BC36-9A0C7FB1482B}.Release|Any CPU.Build.0 = Release|Any CPU
	EndGlobalSection
	GlobalSection(SolutionProperties) = preSolution
		HideSolutionNode = FALSE
	EndGlobalSection
	GlobalSection(ExtensibilityGlobals) = postSolution
		SolutionGuid = {9BBF249D-AA40-440E-AB07-F22130C7B756}
	EndGlobalSection
	GlobalSection(TeamFoundationVersionControl) = preSolution
		SccNumberOfProjects = 1
		SccEnterpriseProvider = {4CA58AB2-18FA-4F8D-95D4-32DDF27D184C}
		SccTeamFoundationServer = https://tfs.cspc1.uwindsor.ca/comp4220-1-r-2021f
		SccLocalPath0 = .
	EndGlobalSection
EndGlobal
